{
  "object": {
    "pins": [
      {
        "package": "BluenetShared",
        "repositoryURL": "https://github.com/crownstone/bluenet-ios-shared",
        "state": {
          "branch": null,
          "revision": "8b5017f9806596050493c555970affe91d91f140",
          "version": "2.0.0"
        }
      },
      {
        "package": "KDTree",
        "repositoryURL": "https://github.com/AlexDM0/KDTree.git",
        "state": {
          "branch": null,
          "revision": "c7779a97335b3f478cf91e6f8f9c59c07e358c4b",
          "version": "1.5.0"
        }
      },
      {
        "package": "swift-argument-parser",
        "repositoryURL": "https://github.com/apple/swift-argument-parser",
        "state": {
          "branch": null,
          "revision": "83b23d940471b313427da226196661856f6ba3e0",
          "version": "0.4.4"
        }
      },
      {
        "package": "SwiftyJSON",
        "repositoryURL": "https://github.com/SwiftyJSON/SwiftyJSON",
        "state": {
          "branch": null,
          "revision": "2b6054efa051565954e1d2b9da831680026cd768",
          "version": "5.0.0"
        }
      }
    ]
  },
  "version": 1
}
